
Microsoft Visual Studio Solution File, Format Version 11.00
# Visual Studio 2010
Project("{FAE04EC0-301F-11D3-BF4B-00C04F79EFBC}") = "SimplyBankSystem", "SimplyBankSystem\SimplyBankSystem.csproj", "{F8626C4A-48CF-4097-B903-99E26615CF1E}"
EndProject
Global
	GlobalSection(SolutionConfigurationPlatforms) = preSolution
		Debug|Any CPU = Debug|Any CPU
		Release|Any CPU = Release|Any CPU
	EndGlobalSection
	GlobalSection(ProjectConfigurationPlatforms) = postSolution
		{F8626C4A-48CF-4097-B903-99E26615CF1E}.Debug|Any CPU.ActiveCfg = Debug|Any CPU
		{F8626C4A-48CF-4097-B903-99E26615CF1E}.Debug|Any CPU.Build.0 = Debug|Any CPU
		{F8626C4A-48CF-4097-B903-99E26615CF1E}.Release|Any CPU.ActiveCfg = Release|Any CPU
		{F8626C4A-48CF-4097-B903-99E26615CF1E}.Release|Any CPU.Build.0 = Release|Any CPU
	EndGlobalSection
	GlobalSection(SolutionProperties) = preSolution
		HideSolutionNode = FALSE
	EndGlobalSection
EndGlobal
